{
  "requires": true,
  "lockfileVersion": 1,
  "dependencies": {
    "primeng": {
      "version": "17.18.10",
      "resolved": "https://registry.npmjs.org/primeng/-/primeng-17.18.10.tgz",
      "integrity": "sha512-P3UskInOZ7qYICxSYvf0K8nUEb7DmndiXmyvLGU1wch+XcVWmVs4FZsWKNfdvK7TUdxxYj8WW44nodNV/epr3A==",
      "requires": {
        "tslib": "^2.3.0"
      }
    },
    "tslib": {
      "version": "2.7.0",
      "resolved": "https://registry.npmjs.org/tslib/-/tslib-2.7.0.tgz",
      "integrity": "sha512-gLXCKdN1/j47AiHiOkJN69hJmcbGTHI0ImLmbYLHykhgeN0jVGola9yVjFgzCUklsZQMW55o+dW7IXv3RCXDzA=="
    }
  }
}
